{
  "name": "@forel/web",
  "version": "1.0.0",
  "lockfileVersion": 2,
  "requires": true,
  "packages": {
    "": {
      "name": "@forel/web",
      "version": "1.0.0",
      "license": "MIT",
      "dependencies": {
        "@forel/core": "^1.0.1"
      }
    },
    "node_modules/@forel/core": {
      "version": "1.0.1",
      "resolved": "https://registry.npmjs.org/@forel/core/-/core-1.0.1.tgz",
      "integrity": "sha512-rRd2WonTeUyIGhqIKtBiwQ1meaESoZ8HT5G/iH0DOtI+6BOBfhI2K6HVo++FKw8H2RGI2AG8T0PonCkvlSS6Lw=="
    }
  },
  "dependencies": {
    "@forel/core": {
      "version": "1.0.1",
      "resolved": "https://registry.npmjs.org/@forel/core/-/core-1.0.1.tgz",
      "integrity": "sha512-rRd2WonTeUyIGhqIKtBiwQ1meaESoZ8HT5G/iH0DOtI+6BOBfhI2K6HVo++FKw8H2RGI2AG8T0PonCkvlSS6Lw=="
    }
  }
}
